
Microsoft Visual Studio Solution File, Format Version 12.00
# Visual Studio Version 17
VisualStudioVersion = 17.0.32126.317
MinimumVisualStudioVersion = 10.0.40219.1
Project("{9A19103F-16F7-4668-BE54-9A1E7A4F7556}") = "MealPlan", "MealPlan\MealPlan.csproj", "{A16DDD8D-79BD-432E-B44D-92A4FE8A0BC7}"
EndProject
Project("{00D1A9C2-B5F0-4AF3-8072-F6C62B433612}") = "MEAL_PLAN", "MEAL_PLAN\MEAL_PLAN.sqlproj", "{6B50E6FB-D8CB-4541-9BA1-26E188921FA5}"
EndProject
Project("{9A19103F-16F7-4668-BE54-9A1E7A4F7556}") = "Db", "MealPlan.Db\Db.csproj", "{71ABC458-DEC0-40BA-847F-7C446EEECB0D}"
EndProject
Project("{9A19103F-16F7-4668-BE54-9A1E7A4F7556}") = "Repo", "MealPlan.Repo\Repo.csproj", "{28838F10-1CF4-47FF-930B-8A72D4640AEE}"
EndProject
Project("{9A19103F-16F7-4668-BE54-9A1E7A4F7556}") = "Repo.Dto", "MealPlan.Repo.Dto\Repo.Dto.csproj", "{A47E1AFD-5F4F-4EB0-877F-1D491DD4C685}"
EndProject
Project("{9A19103F-16F7-4668-BE54-9A1E7A4F7556}") = "Logic", "MealPlan.Logic\Logic.csproj", "{E010F9DC-C9A0-4628-A30F-04A7FE3BFAF8}"
EndProject
Project("{9A19103F-16F7-4668-BE54-9A1E7A4F7556}") = "Logic.DomainObject", "MealPlan.Logic.DomainObject\Logic.DomainObject.csproj", "{AE19B839-0EC6-4B7A-A26F-09478C46E113}"
EndProject
Project("{9A19103F-16F7-4668-BE54-9A1E7A4F7556}") = "DependencyInjection", "MealPlan.DependencyInjection\DependencyInjection.csproj", "{0D4A66C4-111E-4EF7-B236-09D1DB87899F}"
EndProject
Global
	GlobalSection(SolutionConfigurationPlatforms) = preSolution
		Debug|Any CPU = Debug|Any CPU
		Release|Any CPU = Release|Any CPU
	EndGlobalSection
	GlobalSection(ProjectConfigurationPlatforms) = postSolution
		{A16DDD8D-79BD-432E-B44D-92A4FE8A0BC7}.Debug|Any CPU.ActiveCfg = Debug|Any CPU
		{A16DDD8D-79BD-432E-B44D-92A4FE8A0BC7}.Debug|Any CPU.Build.0 = Debug|Any CPU
		{A16DDD8D-79BD-432E-B44D-92A4FE8A0BC7}.Release|Any CPU.ActiveCfg = Release|Any CPU
		{A16DDD8D-79BD-432E-B44D-92A4FE8A0BC7}.Release|Any CPU.Build.0 = Release|Any CPU
		{6B50E6FB-D8CB-4541-9BA1-26E188921FA5}.Debug|Any CPU.ActiveCfg = Debug|Any CPU
		{6B50E6FB-D8CB-4541-9BA1-26E188921FA5}.Debug|Any CPU.Build.0 = Debug|Any CPU
		{6B50E6FB-D8CB-4541-9BA1-26E188921FA5}.Debug|Any CPU.Deploy.0 = Debug|Any CPU
		{6B50E6FB-D8CB-4541-9BA1-26E188921FA5}.Release|Any CPU.ActiveCfg = Release|Any CPU
		{6B50E6FB-D8CB-4541-9BA1-26E188921FA5}.Release|Any CPU.Build.0 = Release|Any CPU
		{6B50E6FB-D8CB-4541-9BA1-26E188921FA5}.Release|Any CPU.Deploy.0 = Release|Any CPU
		{71ABC458-DEC0-40BA-847F-7C446EEECB0D}.Debug|Any CPU.ActiveCfg = Debug|Any CPU
		{71ABC458-DEC0-40BA-847F-7C446EEECB0D}.Debug|Any CPU.Build.0 = Debug|Any CPU
		{71ABC458-DEC0-40BA-847F-7C446EEECB0D}.Release|Any CPU.ActiveCfg = Release|Any CPU
		{71ABC458-DEC0-40BA-847F-7C446EEECB0D}.Release|Any CPU.Build.0 = Release|Any CPU
		{28838F10-1CF4-47FF-930B-8A72D4640AEE}.Debug|Any CPU.ActiveCfg = Debug|Any CPU
		{28838F10-1CF4-47FF-930B-8A72D4640AEE}.Debug|Any CPU.Build.0 = Debug|Any CPU
		{28838F10-1CF4-47FF-930B-8A72D4640AEE}.Release|Any CPU.ActiveCfg = Release|Any CPU
		{28838F10-1CF4-47FF-930B-8A72D4640AEE}.Release|Any CPU.Build.0 = Release|Any CPU
		{A47E1AFD-5F4F-4EB0-877F-1D491DD4C685}.Debug|Any CPU.ActiveCfg = Debug|Any CPU
		{A47E1AFD-5F4F-4EB0-877F-1D491DD4C685}.Debug|Any CPU.Build.0 = Debug|Any CPU
		{A47E1AFD-5F4F-4EB0-877F-1D491DD4C685}.Release|Any CPU.ActiveCfg = Release|Any CPU
		{A47E1AFD-5F4F-4EB0-877F-1D491DD4C685}.Release|Any CPU.Build.0 = Release|Any CPU
		{E010F9DC-C9A0-4628-A30F-04A7FE3BFAF8}.Debug|Any CPU.ActiveCfg = Debug|Any CPU
		{E010F9DC-C9A0-4628-A30F-04A7FE3BFAF8}.Debug|Any CPU.Build.0 = Debug|Any CPU
		{E010F9DC-C9A0-4628-A30F-04A7FE3BFAF8}.Release|Any CPU.ActiveCfg = Release|Any CPU
		{E010F9DC-C9A0-4628-A30F-04A7FE3BFAF8}.Release|Any CPU.Build.0 = Release|Any CPU
		{AE19B839-0EC6-4B7A-A26F-09478C46E113}.Debug|Any CPU.ActiveCfg = Debug|Any CPU
		{AE19B839-0EC6-4B7A-A26F-09478C46E113}.Debug|Any CPU.Build.0 = Debug|Any CPU
		{AE19B839-0EC6-4B7A-A26F-09478C46E113}.Release|Any CPU.ActiveCfg = Release|Any CPU
		{AE19B839-0EC6-4B7A-A26F-09478C46E113}.Release|Any CPU.Build.0 = Release|Any CPU
		{0D4A66C4-111E-4EF7-B236-09D1DB87899F}.Debug|Any CPU.ActiveCfg = Debug|Any CPU
		{0D4A66C4-111E-4EF7-B236-09D1DB87899F}.Debug|Any CPU.Build.0 = Debug|Any CPU
		{0D4A66C4-111E-4EF7-B236-09D1DB87899F}.Release|Any CPU.ActiveCfg = Release|Any CPU
		{0D4A66C4-111E-4EF7-B236-09D1DB87899F}.Release|Any CPU.Build.0 = Release|Any CPU
	EndGlobalSection
	GlobalSection(SolutionProperties) = preSolution
		HideSolutionNode = FALSE
	EndGlobalSection
	GlobalSection(ExtensibilityGlobals) = postSolution
		SolutionGuid = {4A86405A-600A-4AEE-8B97-7CD057EE312A}
	EndGlobalSection
EndGlobal
